
Microsoft Visual Studio Solution File, Format Version 12.00
# Visual Studio Version 17
VisualStudioVersion = 17.12.35527.113 d17.12
MinimumVisualStudioVersion = 10.0.40219.1
Project("{FAE04EC0-301F-11D3-BF4B-00C04F79EFBC}") = "API", "API.csproj", "{99351E6C-C83F-4217-ACF6-204FA32C6C7F}"
EndProject
Project("{FAE04EC0-301F-11D3-BF4B-00C04F79EFBC}") = "Business", "..\Business\Business.csproj", "{2BE2703D-450E-4E35-9286-BB673417BC7E}"
EndProject
Project("{FAE04EC0-301F-11D3-BF4B-00C04F79EFBC}") = "Models", "..\Models\Models.csproj", "{AFFCA504-4341-4AFE-9CD2-45D63B5C5227}"
EndProject
Project("{FAE04EC0-301F-11D3-BF4B-00C04F79EFBC}") = "DbContext", "..\DbContext\DbContext.csproj", "{29CEA3BD-67A2-46D0-A8F9-3038A8E639D7}"
EndProject
Global
	GlobalSection(SolutionConfigurationPlatforms) = preSolution
		Debug|Any CPU = Debug|Any CPU
		Release|Any CPU = Release|Any CPU
	EndGlobalSection
	GlobalSection(ProjectConfigurationPlatforms) = postSolution
		{99351E6C-C83F-4217-ACF6-204FA32C6C7F}.Debug|Any CPU.ActiveCfg = Debug|Any CPU
		{99351E6C-C83F-4217-ACF6-204FA32C6C7F}.Debug|Any CPU.Build.0 = Debug|Any CPU
		{99351E6C-C83F-4217-ACF6-204FA32C6C7F}.Release|Any CPU.ActiveCfg = Release|Any CPU
		{99351E6C-C83F-4217-ACF6-204FA32C6C7F}.Release|Any CPU.Build.0 = Release|Any CPU
		{2BE2703D-450E-4E35-9286-BB673417BC7E}.Debug|Any CPU.ActiveCfg = Debug|Any CPU
		{2BE2703D-450E-4E35-9286-BB673417BC7E}.Debug|Any CPU.Build.0 = Debug|Any CPU
		{2BE2703D-450E-4E35-9286-BB673417BC7E}.Release|Any CPU.ActiveCfg = Release|Any CPU
		{2BE2703D-450E-4E35-9286-BB673417BC7E}.Release|Any CPU.Build.0 = Release|Any CPU
		{AFFCA504-4341-4AFE-9CD2-45D63B5C5227}.Debug|Any CPU.ActiveCfg = Debug|Any CPU
		{AFFCA504-4341-4AFE-9CD2-45D63B5C5227}.Debug|Any CPU.Build.0 = Debug|Any CPU
		{AFFCA504-4341-4AFE-9CD2-45D63B5C5227}.Release|Any CPU.ActiveCfg = Release|Any CPU
		{AFFCA504-4341-4AFE-9CD2-45D63B5C5227}.Release|Any CPU.Build.0 = Release|Any CPU
		{29CEA3BD-67A2-46D0-A8F9-3038A8E639D7}.Debug|Any CPU.ActiveCfg = Debug|Any CPU
		{29CEA3BD-67A2-46D0-A8F9-3038A8E639D7}.Debug|Any CPU.Build.0 = Debug|Any CPU
		{29CEA3BD-67A2-46D0-A8F9-3038A8E639D7}.Release|Any CPU.ActiveCfg = Release|Any CPU
		{29CEA3BD-67A2-46D0-A8F9-3038A8E639D7}.Release|Any CPU.Build.0 = Release|Any CPU
	EndGlobalSection
	GlobalSection(SolutionProperties) = preSolution
		HideSolutionNode = FALSE
	EndGlobalSection
EndGlobal
